
Microsoft Visual Studio Solution File, Format Version 12.00
# Visual Studio Version 16
VisualStudioVersion = 16.0.29424.173
MinimumVisualStudioVersion = 10.0.40219.1
Project("{FAE04EC0-301F-11D3-BF4B-00C04F79EFBC}") = "AutoXoainfo", "AutoXoainfo\AutoXoainfo.csproj", "{D4EE3481-8DAB-4302-84C0-D795FDB7D49A}"
EndProject
Global
	GlobalSection(SolutionConfigurationPlatforms) = preSolution
		Debug|Any CPU = Debug|Any CPU
		Private_DinhVan|Any CPU = Private_DinhVan|Any CPU
		Public|Any CPU = Public|Any CPU
		Release|Any CPU = Release|Any CPU
	EndGlobalSection
	GlobalSection(ProjectConfigurationPlatforms) = postSolution
		{D4EE3481-8DAB-4302-84C0-D795FDB7D49A}.Debug|Any CPU.ActiveCfg = Debug|Any CPU
		{D4EE3481-8DAB-4302-84C0-D795FDB7D49A}.Debug|Any CPU.Build.0 = Debug|Any CPU
		{D4EE3481-8DAB-4302-84C0-D795FDB7D49A}.Private_DinhVan|Any CPU.ActiveCfg = Private_DinhVan|Any CPU
		{D4EE3481-8DAB-4302-84C0-D795FDB7D49A}.Private_DinhVan|Any CPU.Build.0 = Private_DinhVan|Any CPU
		{D4EE3481-8DAB-4302-84C0-D795FDB7D49A}.Public|Any CPU.ActiveCfg = Public|Any CPU
		{D4EE3481-8DAB-4302-84C0-D795FDB7D49A}.Public|Any CPU.Build.0 = Public|Any CPU
		{D4EE3481-8DAB-4302-84C0-D795FDB7D49A}.Release|Any CPU.ActiveCfg = Release|Any CPU
		{D4EE3481-8DAB-4302-84C0-D795FDB7D49A}.Release|Any CPU.Build.0 = Release|Any CPU
	EndGlobalSection
	GlobalSection(SolutionProperties) = preSolution
		HideSolutionNode = FALSE
	EndGlobalSection
	GlobalSection(ExtensibilityGlobals) = postSolution
		SolutionGuid = {5F66D197-3939-4087-90D7-FCC0C16323E7}
	EndGlobalSection
EndGlobal
